
Microsoft Visual Studio Solution File, Format Version 12.00
# Visual Studio Version 17
VisualStudioVersion = 17.13.35617.110 d17.13
MinimumVisualStudioVersion = 10.0.40219.1
Project("{FAE04EC0-301F-11D3-BF4B-00C04F79EFBC}") = "TaskManagerCQRS", "TaskManagerCQRS\TaskManagerCQRS.csproj", "{2ECE10A5-0019-49DE-9A50-7F3AFBC8B20F}"
EndProject
Global
	GlobalSection(SolutionConfigurationPlatforms) = preSolution
		Debug|Any CPU = Debug|Any CPU
		Release|Any CPU = Release|Any CPU
	EndGlobalSection
	GlobalSection(ProjectConfigurationPlatforms) = postSolution
		{2ECE10A5-0019-49DE-9A50-7F3AFBC8B20F}.Debug|Any CPU.ActiveCfg = Debug|Any CPU
		{2ECE10A5-0019-49DE-9A50-7F3AFBC8B20F}.Debug|Any CPU.Build.0 = Debug|Any CPU
		{2ECE10A5-0019-49DE-9A50-7F3AFBC8B20F}.Release|Any CPU.ActiveCfg = Release|Any CPU
		{2ECE10A5-0019-49DE-9A50-7F3AFBC8B20F}.Release|Any CPU.Build.0 = Release|Any CPU
	EndGlobalSection
	GlobalSection(SolutionProperties) = preSolution
		HideSolutionNode = FALSE
	EndGlobalSection
	GlobalSection(ExtensibilityGlobals) = postSolution
		SolutionGuid = {78A817A9-ECB0-4B12-96F5-1E9DDBC680CD}
	EndGlobalSection
EndGlobal
